# This file was autogenerated by Stack.
# You should not edit this file by hand.
# For more information, please see the documentation at:
#   https://docs.haskellstack.org/en/stable/topics/lock_files

packages:
- completed:
    hackage: text-2.1.2@sha256:2898d240693a61911efc6e9f9dd3f05a1561684b0c42da964b76ae6463dba754,10989
    pantry-tree:
      sha256: 55d235c81b0b35a55d8b33f832c6df0c7a3ff546b707172f97c68ab17b87f5d4
      size: 8647
  original:
    hackage: text-2.1.2
- completed:
    hackage: lens-5.3.4@sha256:c85e744694c84e7f75d26b26477ac63faaa4d44f3e2ee437d5ee8cb4996c1aeb,14839
    pantry-tree:
      sha256: 23171f6738b11709fd79453583576ab132baea1e2ecba9ed6fa10698a75836ec
      size: 8405
  original:
    hackage: lens-5.3.4
snapshots:
- completed:
    sha256: a81fb3877c4f9031e1325eb3935122e608d80715dc16b586eb11ddbff8671ecd
    size: 640086
    url: https://raw.githubusercontent.com/commercialhaskell/stackage-snapshots/master/lts/21/25.yaml
  original: lts-21.25
